// !$*UTF8*$!
{
	archiveVersion = 1;
	classes = {
	};
	objectVersion = 50;
	objects = {

/* Begin PBXBuildFile section */
		13CFFF9A2180A8C500D45380 /* AppDelegate.swift in Sources */ = {isa = PBXBuildFile; fileRef = 13CFFF992180A8C500D45380 /* AppDelegate.swift */; };
		13CFFF9C2180A8C500D45380 /* ViewController.swift in Sources */ = {isa = PBXBuildFile; fileRef = 13CFFF9B2180A8C500D45380 /* ViewController.swift */; };
		13CFFF9F2180A8C500D45380 /* Main.storyboard in Resources */ = {isa = PBXBuildFile; fileRef = 13CFFF9D2180A8C500D45380 /* Main.storyboard */; };
		13CFFFA12180A8C500D45380 /* Assets.xcassets in Resources */ = {isa = PBXBuildFile; fileRef = 13CFFFA02180A8C500D45380 /* Assets.xcassets */; };
		13CFFFA42180A8C500D45380 /* LaunchScreen.storyboard in Resources */ = {isa = PBXBuildFile; fileRef = 13CFFFA22180A8C500D45380 /* LaunchScreen.storyboard */; };
		13CFFFAF2180A8C600D45380 /* appGitLearnTests.swift in Sources */ = {isa = PBXBuildFile; fileRef = 13CFFFAE2180A8C600D45380 /* appGitLearnTests.swift */; };
		13CFFFBA2180A8C600D45380 /* appGitLearnUITests.swift in Sources */ = {isa = PBXBuildFile; fileRef = 13CFFFB92180A8C600D45380 /* appGitLearnUITests.swift */; };
		13E4CBD321820A940030268F /* MapForItinerary.swift in Sources */ = {isa = PBXBuildFile; fileRef = 13E4CBD221820A940030268F /* MapForItinerary.swift */; };
/* End PBXBuildFile section */

/* Begin PBXContainerItemProxy section */
		13CFFFAB2180A8C600D45380 /* PBXContainerItemProxy */ = {
			isa = PBXContainerItemProxy;
			containerPortal = 13CFFF8E2180A8C500D45380 /* Project object */;
			proxyType = 1;
			remoteGlobalIDString = 13CFFF952180A8C500D45380;
			remoteInfo = appGitLearn;
		};
		13CFFFB62180A8C600D45380 /* PBXContainerItemProxy */ = {
			isa = PBXContainerItemProxy;
			containerPortal = 13CFFF8E2180A8C500D45380 /* Project object */;
			proxyType = 1;
			remoteGlobalIDString = 13CFFF952180A8C500D45380;
			remoteInfo = appGitLearn;
		};
/* End PBXContainerItemProxy section */

/* Begin PBXFileReference section */
		13CFFF962180A8C500D45380 /* appGitLearn.app */ = {isa = PBXFileReference; explicitFileType = wrapper.application; includeInIndex = 0; path = appGitLearn.app; sourceTree = BUILT_PRODUCTS_DIR; };
		13CFFF992180A8C500D45380 /* AppDelegate.swift */ = {isa = PBXFileReference; lastKnownFileType = sourcecode.swift; path = AppDelegate.swift; sourceTree = "<group>"; };
		13CFFF9B2180A8C500D45380 /* ViewController.swift */ = {isa = PBXFileReference; lastKnownFileType = sourcecode.swift; path = ViewController.swift; sourceTree = "<group>"; };
		13CFFF9E2180A8C500D45380 /* Base */ = {isa = PBXFileReference; lastKnownFileType = file.storyboard; name = Base; path = Base.lproj/Main.storyboard; sourceTree = "<group>"; };
		13CFFFA02180A8C500D45380 /* Assets.xcassets */ = {isa = PBXFileReference; lastKnownFileType = folder.assetcatalog; path = Assets.xcassets; sourceTree = "<group>"; };
		13CFFFA32180A8C500D45380 /* Base */ = {isa = PBXFileReference; lastKnownFileType = file.storyboard; name = Base; path = Base.lproj/LaunchScreen.storyboard; sourceTree = "<group>"; };
		13CFFFA52180A8C600D45380 /* Info.plist */ = {isa = PBXFileReference; lastKnownFileType = text.plist.xml; path = Info.plist; sourceTree = "<group>"; };
		13CFFFAA2180A8C600D45380 /* appGitLearnTests.xctest */ = {isa = PBXFileReference; explicitFileType = wrapper.cfbundle; includeInIndex = 0; path = appGitLearnTests.xctest; sourceTree = BUILT_PRODUCTS_DIR; };
		13CFFFAE2180A8C600D45380 /* appGitLearnTests.swift */ = {isa = PBXFileReference; lastKnownFileType = sourcecode.swift; path = appGitLearnTests.swift; sourceTree = "<group>"; };
		13CFFFB02180A8C600D45380 /* Info.plist */ = {isa = PBXFileReference; lastKnownFileType = text.plist.xml; path = Info.plist; sourceTree = "<group>"; };
		13CFFFB52180A8C600D45380 /* appGitLearnUITests.xctest */ = {isa = PBXFileReference; explicitFileType = wrapper.cfbundle; includeInIndex = 0; path = appGitLearnUITests.xctest; sourceTree = BUILT_PRODUCTS_DIR; };
		13CFFFB92180A8C600D45380 /* appGitLearnUITests.swift */ = {isa = PBXFileReference; lastKnownFileType = sourcecode.swift; path = appGitLearnUITests.swift; sourceTree = "<group>"; };
		13CFFFBB2180A8C600D45380 /* Info.plist */ = {isa = PBXFileReference; lastKnownFileType = text.plist.xml; path = Info.plist; sourceTree = "<group>"; };
		13E4CBD221820A940030268F /* MapForItinerary.swift */ = {isa = PBXFileReference; lastKnownFileType = sourcecode.swift; path = MapForItinerary.swift; sourceTree = "<group>"; };
/* End PBXFileReference section */

/* Begin PBXFrameworksBuildPhase section */
		13CFFF932180A8C500D45380 /* Frameworks */ = {
			isa = PBXFrameworksBuildPhase;
			buildActionMask = 2147483647;
			files = (
			);
			runOnlyForDeploymentPostprocessing = 0;
		};
		13CFFFA72180A8C600D45380 /* Frameworks */ = {
			isa = PBXFrameworksBuildPhase;
			buildActionMask = 2147483647;
			files = (
			);
			runOnlyForDeploymentPostprocessing = 0;
		};
		13CFFFB22180A8C600D45380 /* Frameworks */ = {
			isa = PBXFrameworksBuildPhase;
			buildActionMask = 2147483647;
			files = (
			);
			runOnlyForDeploymentPostprocessing = 0;
		};
/* End PBXFrameworksBuildPhase section */

/* Begin PBXGroup section */
		13CFFF8D2180A8C500D45380 = {
			isa = PBXGroup;
			children = (
				13E4CBD221820A940030268F /* MapForItinerary.swift */,
				13CFFF982180A8C500D45380 /* appGitLearn */,
				13CFFFAD2180A8C600D45380 /* appGitLearnTests */,
				13CFFFB82180A8C600D45380 /* appGitLearnUITests */,
				13CFFF972180A8C500D45380 /* Products */,
			);
			sourceTree = "<group>";
		};
		13CFFF972180A8C500D45380 /* Products */ = {
			isa = PBXGroup;
			children = (
				13CFFF962180A8C500D45380 /* appGitLearn.app */,
				13CFFFAA2180A8C600D45380 /* appGitLearnTests.xctest */,
				13CFFFB52180A8C600D45380 /* appGitLearnUITests.xctest */,
			);
			name = Products;
			sourceTree = "<group>";
		};
		13CFFF982180A8C500D45380 /* appGitLearn */ = {
			isa = PBXGroup;
			children = (
				13CFFF992180A8C500D45380 /* AppDelegate.swift */,
				13CFFF9B2180A8C500D45380 /* ViewController.swift */,
				13CFFF9D2180A8C500D45380 /* Main.storyboard */,
				13CFFFA02180A8C500D45380 /* Assets.xcassets */,
				13CFFFA22180A8C500D45380 /* LaunchScreen.storyboard */,
				13CFFFA52180A8C600D45380 /* Info.plist */,
			);
			path = appGitLearn;
			sourceTree = "<group>";
		};
		13CFFFAD2180A8C600D45380 /* appGitLearnTests */ = {
			isa = PBXGroup;
			children = (
				13CFFFAE2180A8C600D45380 /* appGitLearnTests.swift */,
				13CFFFB02180A8C600D45380 /* Info.plist */,
			);
			path = appGitLearnTests;
			sourceTree = "<group>";
		};
		13CFFFB82180A8C600D45380 /* appGitLearnUITests */ = {
			isa = PBXGroup;
			children = (
				13CFFFB92180A8C600D45380 /* appGitLearnUITests.swift */,
				13CFFFBB2180A8C600D45380 /* Info.plist */,
			);
			path = appGitLearnUITests;
			sourceTree = "<group>";
		};
/* End PBXGroup section */

/* Begin PBXNativeTarget section */
		13CFFF952180A8C500D45380 /* appGitLearn */ = {
			isa = PBXNativeTarget;
			buildConfigurationList = 13CFFFBE2180A8C600D45380 /* Build configuration list for PBXNativeTarget "appGitLearn" */;
			buildPhases = (
				13CFFF922180A8C500D45380 /* Sources */,
				13CFFF932180A8C500D45380 /* Frameworks */,
				13CFFF942180A8C500D45380 /* Resources */,
			);
			buildRules = (
			);
			dependencies = (
			);
			name = appGitLearn;
			productName = appGitLearn;
			productReference = 13CFFF962180A8C500D45380 /* appGitLearn.app */;
			productType = "com.apple.product-type.application";
		};
		13CFFFA92180A8C600D45380 /* appGitLearnTests */ = {
			isa = PBXNativeTarget;
			buildConfigurationList = 13CFFFC12180A8C600D45380 /* Build configuration list for PBXNativeTarget "appGitLearnTests" */;
			buildPhases = (
				13CFFFA62180A8C600D45380 /* Sources */,
				13CFFFA72180A8C600D45380 /* Frameworks */,
				13CFFFA82180A8C600D45380 /* Resources */,
			);
			buildRules = (
			);
			dependencies = (
				13CFFFAC2180A8C600D45380 /* PBXTargetDependency */,
			);
			name = appGitLearnTests;
			productName = appGitLearnTests;
			productReference = 13CFFFAA2180A8C600D45380 /* appGitLearnTests.xctest */;
			productType = "com.apple.product-type.bundle.unit-test";
		};
		13CFFFB42180A8C600D45380 /* appGitLearnUITests */ = {
			isa = PBXNativeTarget;
			buildConfigurationList = 13CFFFC42180A8C600D45380 /* Build configuration list for PBXNativeTarget "appGitLearnUITests" */;
			buildPhases = (
				13CFFFB12180A8C600D45380 /* Sources */,
				13CFFFB22180A8C600D45380 /* Frameworks */,
				13CFFFB32180A8C600D45380 /* Resources */,
			);
			buildRules = (
			);
			dependencies = (
				13CFFFB72180A8C600D45380 /* PBXTargetDependency */,
			);
			name = appGitLearnUITests;
			productName = appGitLearnUITests;
			productReference = 13CFFFB52180A8C600D45380 /* appGitLearnUITests.xctest */;
			productType = "com.apple.product-type.bundle.ui-testing";
		};
/* End PBXNativeTarget section */

/* Begin PBXProject section */
		13CFFF8E2180A8C500D45380 /* Project object */ = {
			isa = PBXProject;
			attributes = {
				LastSwiftUpdateCheck = 1000;
				LastUpgradeCheck = 1000;
				ORGANIZATIONNAME = shb;
				TargetAttributes = {
					13CFFF952180A8C500D45380 = {
						CreatedOnToolsVersion = 10.0;
					};
					13CFFFA92180A8C600D45380 = {
						CreatedOnToolsVersion = 10.0;
						TestTargetID = 13CFFF952180A8C500D45380;
					};
					13CFFFB42180A8C600D45380 = {
						CreatedOnToolsVersion = 10.0;
						TestTargetID = 13CFFF952180A8C500D45380;
					};
				};
			};
			buildConfigurationList = 13CFFF912180A8C500D45380 /* Build configuration list for PBXProject "appGitLearn" */;
			compatibilityVersion = "Xcode 9.3";
			developmentRegion = en;
			hasScannedForEncodings = 0;
			knownRegions = (
				en,
				Base,
			);
			mainGroup = 13CFFF8D2180A8C500D45380;
			productRefGroup = 13CFFF972180A8C500D45380 /* Products */;
			projectDirPath = "";
			projectRoot = "";
			targets = (
				13CFFF952180A8C500D45380 /* appGitLearn */,
				13CFFFA92180A8C600D45380 /* appGitLearnTests */,
				13CFFFB42180A8C600D45380 /* appGitLearnUITests */,
			);
		};
/* End PBXProject section */

/* Begin PBXResourcesBuildPhase section */
		13CFFF942180A8C500D45380 /* Resources */ = {
			isa = PBXResourcesBuildPhase;
			buildActionMask = 2147483647;
			files = (
				13CFFFA42180A8C500D45380 /* LaunchScreen.storyboard in Resources */,
				13CFFFA12180A8C500D45380 /* Assets.xcassets in Resources */,
				13CFFF9F2180A8C500D45380 /* Main.storyboard in Resources */,
			);
			runOnlyForDeploymentPostprocessing = 0;
		};
		13CFFFA82180A8C600D45380 /* Resources */ = {
			isa = PBXResourcesBuildPhase;
			buildActionMask = 2147483647;
			files = (
			);
			runOnlyForDeploymentPostprocessing = 0;
		};
		13CFFFB32180A8C600D45380 /* Resources */ = {
			isa = PBXResourcesBuildPhase;
			buildActionMask = 2147483647;
			files = (
			);
			runOnlyForDeploymentPostprocessing = 0;
		};
/* End PBXResourcesBuildPhase section */

/* Begin PBXSourcesBuildPhase section */
		13CFFF922180A8C500D45380 /* Sources */ = {
			isa = PBXSourcesBuildPhase;
			buildActionMask = 2147483647;
			files = (
				13CFFF9C2180A8C500D45380 /* ViewController.swift in Sources */,
				13CFFF9A2180A8C500D45380 /* AppDelegate.swift in Sources */,
				13E4CBD321820A940030268F /* MapForItinerary.swift in Sources */,
			);
			runOnlyForDeploymentPostprocessing = 0;
		};
		13CFFFA62180A8C600D45380 /* Sources */ = {
			isa = PBXSourcesBuildPhase;
			buildActionMask = 2147483647;
			files = (
				13CFFFAF2180A8C600D45380 /* appGitLearnTests.swift in Sources */,
			);
			runOnlyForDeploymentPostprocessing = 0;
		};
		13CFFFB12180A8C600D45380 /* Sources */ = {
			isa = PBXSourcesBuildPhase;
			buildActionMask = 2147483647;
			files = (
				13CFFFBA2180A8C600D45380 /* appGitLearnUITests.swift in Sources */,
			);
			runOnlyForDeploymentPostprocessing = 0;
		};
/* End PBXSourcesBuildPhase section */

/* Begin PBXTargetDependency section */
		13CFFFAC2180A8C600D45380 /* PBXTargetDependency */ = {
			isa = PBXTargetDependency;
			target = 13CFFF952180A8C500D45380 /* appGitLearn */;
			targetProxy = 13CFFFAB2180A8C600D45380 /* PBXContainerItemProxy */;
		};
		13CFFFB72180A8C600D45380 /* PBXTargetDependency */ = {
			isa = PBXTargetDependency;
			target = 13CFFF952180A8C500D45380 /* appGitLearn */;
			targetProxy = 13CFFFB62180A8C600D45380 /* PBXContainerItemProxy */;
		};
/* End PBXTargetDependency section */

/* Begin PBXVariantGroup section */
		13CFFF9D2180A8C500D45380 /* Main.storyboard */ = {
			isa = PBXVariantGroup;
			children = (
				13CFFF9E2180A8C500D45380 /* Base */,
			);
			name = Main.storyboard;
			sourceTree = "<group>";
		};
		13CFFFA22180A8C500D45380 /* LaunchScreen.storyboard */ = {
			isa = PBXVariantGroup;
			children = (
				13CFFFA32180A8C500D45380 /* Base */,
			);
			name = LaunchScreen.storyboard;
			sourceTree = "<group>";
		};
/* End PBXVariantGroup section */

/* Begin XCBuildConfiguration section */
		13CFFFBC2180A8C600D45380 /* Debug */ = {
			isa = XCBuildConfiguration;
			buildSettings = {
				ALWAYS_SEARCH_USER_PATHS = NO;
				CLANG_ANALYZER_NONNULL = YES;
				CLANG_ANALYZER_NUMBER_OBJECT_CONVERSION = YES_AGGRESSIVE;
				CLANG_CXX_LANGUAGE_STANDARD = "gnu++14";
				CLANG_CXX_LIBRARY = "libc++";
				CLANG_ENABLE_MODULES = YES;
				CLANG_ENABLE_OBJC_ARC = YES;
				CLANG_ENABLE_OBJC_WEAK = YES;
				CLANG_WARN_BLOCK_CAPTURE_AUTORELEASING = YES;
				CLANG_WARN_BOOL_CONVERSION = YES;
				CLANG_WARN_COMMA = YES;
				CLANG_WARN_CONSTANT_CONVERSION = YES;
				CLANG_WARN_DEPRECATED_OBJC_IMPLEMENTATIONS = YES;
				CLANG_WARN_DIRECT_OBJC_ISA_USAGE = YES_ERROR;
				CLANG_WARN_DOCUMENTATION_COMMENTS = YES;
				CLANG_WARN_EMPTY_BODY = YES;
				CLANG_WARN_ENUM_CONVERSION = YES;
				CLANG_WARN_INFINITE_RECURSION = YES;
				CLANG_WARN_INT_CONVERSION = YES;
				CLANG_WARN_NON_LITERAL_NULL_CONVERSION = YES;
				CLANG_WARN_OBJC_IMPLICIT_RETAIN_SELF = YES;
				CLANG_WARN_OBJC_LITERAL_CONVERSION = YES;
				CLANG_WARN_OBJC_ROOT_CLASS = YES_ERROR;
				CLANG_WARN_RANGE_LOOP_ANALYSIS = YES;
				CLANG_WARN_STRICT_PROTOTYPES = YES;
				CLANG_WARN_SUSPICIOUS_MOVE = YES;
				CLANG_WARN_UNGUARDED_AVAILABILITY = YES_AGGRESSIVE;
				CLANG_WARN_UNREACHABLE_CODE = YES;
				CLANG_WARN__DUPLICATE_METHOD_MATCH = YES;
				CODE_SIGN_IDENTITY = "iPhone Developer";
				COPY_PHASE_STRIP = NO;
				DEBUG_INFORMATION_FORMAT = dwarf;
				ENABLE_STRICT_OBJC_MSGSEND = YES;
				ENABLE_TESTABILITY = YES;
				GCC_C_LANGUAGE_STANDARD = gnu11;
				GCC_DYNAMIC_NO_PIC = NO;
				GCC_NO_COMMON_BLOCKS = YES;
				GCC_OPTIMIZATION_LEVEL = 0;
				GCC_PREPROCESSOR_DEFINITIONS = (
					"DEBUG=1",
					"$(inherited)",
				);
				GCC_WARN_64_TO_32_BIT_CONVERSION = YES;
				GCC_WARN_ABOUT_RETURN_TYPE = YES_ERROR;
				GCC_WARN_UNDECLARED_SELECTOR = YES;
				GCC_WARN_UNINITIALIZED_AUTOS = YES_AGGRESSIVE;
				GCC_WARN_UNUSED_FUNCTION = YES;
				GCC_WARN_UNUSED_VARIABLE = YES;
				IPHONEOS_DEPLOYMENT_TARGET = 12.0;
				MTL_ENABLE_DEBUG_INFO = INCLUDE_SOURCE;
				MTL_FAST_MATH = YES;
				ONLY_ACTIVE_ARCH = YES;
				SDKROOT = iphoneos;
				SWIFT_ACTIVE_COMPILATION_CONDITIONS = DEBUG;
				SWIFT_OPTIMIZATION_LEVEL = "-Onone";
			};
			name = Debug;
		};
		13CFFFBD2180A8C600D45380 /* Release */ = {
			isa = XCBuildConfiguration;
			buildSettings = {
				ALWAYS_SEARCH_USER_PATHS = NO;
				CLANG_ANALYZER_NONNULL = YES;
				CLANG_ANALYZER_NUMBER_OBJECT_CONVERSION = YES_AGGRESSIVE;
				CLANG_CXX_LANGUAGE_STANDARD = "gnu++14";
				CLANG_CXX_LIBRARY = "libc++";
				CLANG_ENABLE_MODULES = YES;
				CLANG_ENABLE_OBJC_ARC = YES;
				CLANG_ENABLE_OBJC_WEAK = YES;
				CLANG_WARN_BLOCK_CAPTURE_AUTORELEASING = YES;
				CLANG_WARN_BOOL_CONVERSION = YES;
				CLANG_WARN_COMMA = YES;
				CLANG_WARN_CONSTANT_CONVERSION = YES;
				CLANG_WARN_DEPRECATED_OBJC_IMPLEMENTATIONS = YES;
				CLANG_WARN_DIRECT_OBJC_ISA_USAGE = YES_ERROR;
				CLANG_WARN_DOCUMENTATION_COMMENTS = YES;
				CLANG_WARN_EMPTY_BODY = YES;
				CLANG_WARN_ENUM_CONVERSION = YES;
				CLANG_WARN_INFINITE_RECURSION = YES;
				CLANG_WARN_INT_CONVERSION = YES;
				CLANG_WARN_NON_LITERAL_NULL_CONVERSION = YES;
				CLANG_WARN_OBJC_IMPLICIT_RETAIN_SELF = YES;
				CLANG_WARN_OBJC_LITERAL_CONVERSION = YES;
				CLANG_WARN_OBJC_ROOT_CLASS = YES_ERROR;
				CLANG_WARN_RANGE_LOOP_ANALYSIS = YES;
				CLANG_WARN_STRICT_PROTOTYPES = YES;
				CLANG_WARN_SUSPICIOUS_MOVE = YES;
				CLANG_WARN_UNGUARDED_AVAILABILITY = YES_AGGRESSIVE;
				CLANG_WARN_UNREACHABLE_CODE = YES;
				CLANG_WARN__DUPLICATE_METHOD_MATCH = YES;
				CODE_SIGN_IDENTITY = "iPhone Developer";
				COPY_PHASE_STRIP = NO;
				DEBUG_INFORMATION_FORMAT = "dwarf-with-dsym";
				ENABLE_NS_ASSERTIONS = NO;
				ENABLE_STRICT_OBJC_MSGSEND = YES;
				GCC_C_LANGUAGE_STANDARD = gnu11;
				GCC_NO_COMMON_BLOCKS = YES;
				GCC_WARN_64_TO_32_BIT_CONVERSION = YES;
				GCC_WARN_ABOUT_RETURN_TYPE = YES_ERROR;
				GCC_WARN_UNDECLARED_SELECTOR = YES;
				GCC_WARN_UNINITIALIZED_AUTOS = YES_AGGRESSIVE;
				GCC_WARN_UNUSED_FUNCTION = YES;
				GCC_WARN_UNUSED_VARIABLE = YES;
				IPHONEOS_DEPLOYMENT_TARGET = 12.0;
				MTL_ENABLE_DEBUG_INFO = NO;
				MTL_FAST_MATH = YES;
				SDKROOT = iphoneos;
				SWIFT_COMPILATION_MODE = wholemodule;
				SWIFT_OPTIMIZATION_LEVEL = "-O";
				VALIDATE_PRODUCT = YES;
			};
			name = Release;
		};
		13CFFFBF2180A8C600D45380 /* Debug */ = {
			isa = XCBuildConfiguration;
			buildSettings = {
				ASSETCATALOG_COMPILER_APPICON_NAME = AppIcon;
				CODE_SIGN_STYLE = Automatic;
				DEVELOPMENT_TEAM = 4Y9R255Q7Z;
				INFOPLIST_FILE = appGitLearn/Info.plist;
				LD_RUNPATH_SEARCH_PATHS = (
					"$(inherited)",
					"@executable_path/Frameworks",
				);
				PRODUCT_BUNDLE_IDENTIFIER = com.shb.appGitLearn;
				PRODUCT_NAME = "$(TARGET_NAME)";
				SWIFT_VERSION = 4.2;
				TARGETED_DEVICE_FAMILY = "1,2";
			};
			name = Debug;
		};
		13CFFFC02180A8C600D45380 /* Release */ = {
			isa = XCBuildConfiguration;
			buildSettings = {
				ASSETCATALOG_COMPILER_APPICON_NAME = AppIcon;
				CODE_SIGN_STYLE = Automatic;
				DEVELOPMENT_TEAM = 4Y9R255Q7Z;
				INFOPLIST_FILE = appGitLearn/Info.plist;
				LD_RUNPATH_SEARCH_PATHS = (
					"$(inherited)",
					"@executable_path/Frameworks",
				);
				PRODUCT_BUNDLE_IDENTIFIER = com.shb.appGitLearn;
				PRODUCT_NAME = "$(TARGET_NAME)";
				SWIFT_VERSION = 4.2;
				TARGETED_DEVICE_FAMILY = "1,2";
			};
			name = Release;
		};
		13CFFFC22180A8C600D45380 /* Debug */ = {
			isa = XCBuildConfiguration;
			buildSettings = {
				ALWAYS_EMBED_SWIFT_STANDARD_LIBRARIES = YES;
				BUNDLE_LOADER = "$(TEST_HOST)";
				CODE_SIGN_STYLE = Automatic;
				DEVELOPMENT_TEAM = 4Y9R255Q7Z;
				INFOPLIST_FILE = appGitLearnTests/Info.plist;
				LD_RUNPATH_SEARCH_PATHS = (
					"$(inherited)",
					"@executable_path/Frameworks",
					"@loader_path/Frameworks",
				);
				PRODUCT_BUNDLE_IDENTIFIER = com.shb.appGitLearnTests;
				PRODUCT_NAME = "$(TARGET_NAME)";
				SWIFT_VERSION = 4.2;
				TARGETED_DEVICE_FAMILY = "1,2";
				TEST_HOST = "$(BUILT_PRODUCTS_DIR)/appGitLearn.app/appGitLearn";
			};
			name = Debug;
		};
		13CFFFC32180A8C600D45380 /* Release */ = {
			isa = XCBuildConfiguration;
			buildSettings = {
				ALWAYS_EMBED_SWIFT_STANDARD_LIBRARIES = YES;
				BUNDLE_LOADER = "$(TEST_HOST)";
				CODE_SIGN_STYLE = Automatic;
				DEVELOPMENT_TEAM = 4Y9R255Q7Z;
				INFOPLIST_FILE = appGitLearnTests/Info.plist;
				LD_RUNPATH_SEARCH_PATHS = (
					"$(inherited)",
					"@executable_path/Frameworks",
					"@loader_path/Frameworks",
				);
				PRODUCT_BUNDLE_IDENTIFIER = com.shb.appGitLearnTests;
				PRODUCT_NAME = "$(TARGET_NAME)";
				SWIFT_VERSION = 4.2;
				TARGETED_DEVICE_FAMILY = "1,2";
				TEST_HOST = "$(BUILT_PRODUCTS_DIR)/appGitLearn.app/appGitLearn";
			};
			name = Release;
		};
		13CFFFC52180A8C600D45380 /* Debug */ = {
			isa = XCBuildConfiguration;
			buildSettings = {
				ALWAYS_EMBED_SWIFT_STANDARD_LIBRARIES = YES;
				CODE_SIGN_STYLE = Automatic;
				DEVELOPMENT_TEAM = 4Y9R255Q7Z;
				INFOPLIST_FILE = appGitLearnUITests/Info.plist;
				LD_RUNPATH_SEARCH_PATHS = (
					"$(inherited)",
					"@executable_path/Frameworks",
					"@loader_path/Frameworks",
				);
				PRODUCT_BUNDLE_IDENTIFIER = com.shb.appGitLearnUITests;
				PRODUCT_NAME = "$(TARGET_NAME)";
				SWIFT_VERSION = 4.2;
				TARGETED_DEVICE_FAMILY = "1,2";
				TEST_TARGET_NAME = appGitLearn;
			};
			name = Debug;
		};
		13CFFFC62180A8C600D45380 /* Release */ = {
			isa = XCBuildConfiguration;
			buildSettings = {
				ALWAYS_EMBED_SWIFT_STANDARD_LIBRARIES = YES;
				CODE_SIGN_STYLE = Automatic;
				DEVELOPMENT_TEAM = 4Y9R255Q7Z;
				INFOPLIST_FILE = appGitLearnUITests/Info.plist;
				LD_RUNPATH_SEARCH_PATHS = (
					"$(inherited)",
					"@executable_path/Frameworks",
					"@loader_path/Frameworks",
				);
				PRODUCT_BUNDLE_IDENTIFIER = com.shb.appGitLearnUITests;
				PRODUCT_NAME = "$(TARGET_NAME)";
				SWIFT_VERSION = 4.2;
				TARGETED_DEVICE_FAMILY = "1,2";
				TEST_TARGET_NAME = appGitLearn;
			};
			name = Release;
		};
/* End XCBuildConfiguration section */

/* Begin XCConfigurationList section */
		13CFFF912180A8C500D45380 /* Build configuration list for PBXProject "appGitLearn" */ = {
			isa = XCConfigurationList;
			buildConfigurations = (
				13CFFFBC2180A8C600D45380 /* Debug */,
				13CFFFBD2180A8C600D45380 /* Release */,
			);
			defaultConfigurationIsVisible = 0;
			defaultConfigurationName = Release;
		};
		13CFFFBE2180A8C600D45380 /* Build configuration list for PBXNativeTarget "appGitLearn" */ = {
			isa = XCConfigurationList;
			buildConfigurations = (
				13CFFFBF2180A8C600D45380 /* Debug */,
				13CFFFC02180A8C600D45380 /* Release */,
			);
			defaultConfigurationIsVisible = 0;
			defaultConfigurationName = Release;
		};
		13CFFFC12180A8C600D45380 /* Build configuration list for PBXNativeTarget "appGitLearnTests" */ = {
			isa = XCConfigurationList;
			buildConfigurations = (
				13CFFFC22180A8C600D45380 /* Debug */,
				13CFFFC32180A8C600D45380 /* Release */,
			);
			defaultConfigurationIsVisible = 0;
			defaultConfigurationName = Release;
		};
		13CFFFC42180A8C600D45380 /* Build configuration list for PBXNativeTarget "appGitLearnUITests" */ = {
			isa = XCConfigurationList;
			buildConfigurations = (
				13CFFFC52180A8C600D45380 /* Debug */,
				13CFFFC62180A8C600D45380 /* Release */,
			);
			defaultConfigurationIsVisible = 0;
			defaultConfigurationName = Release;
		};
/* End XCConfigurationList section */
	};
	rootObject = 13CFFF8E2180A8C500D45380 /* Project object */;
}
